{
  "version": 4,
  "terraform_version": "1.3.3",
  "serial": 10,
  "lineage": "b90f8ab1-6838-57f2-15ad-58823cf3edd0",
  "outputs": {},
  "resources": [
    {
      "mode": "managed",
      "type": "aws_internet_gateway",
      "name": "terraform-internet-gateway",
      "provider": "provider[\"registry.terraform.io/hashicorp/aws\"]",
      "instances": [
        {
          "schema_version": 0,
          "attributes": {
            "arn": "arn:aws:ec2:us-east-1:330041397052:internet-gateway/igw-0fad5a24b4bb6a2b0",
            "id": "igw-0fad5a24b4bb6a2b0",
            "owner_id": "330041397052",
            "tags": {
              "Name": "terraform-aws-igw"
            },
            "tags_all": {
              "Name": "terraform-aws-igw"
            },
            "timeouts": null,
            "vpc_id": "vpc-030773d7419978b10"
          },
          "sensitive_attributes": [],
          "private": "eyJlMmJmYjczMC1lY2FhLTExZTYtOGY4OC0zNDM2M2JjN2M0YzAiOnsiY3JlYXRlIjoxMjAwMDAwMDAwMDAwLCJkZWxldGUiOjEyMDAwMDAwMDAwMDAsInVwZGF0ZSI6MTIwMDAwMDAwMDAwMH19",
          "dependencies": [
            "aws_vpc.terraform-vpc"
          ]
        }
      ]
    },
    {
      "mode": "managed",
      "type": "aws_key_pair",
      "name": "myseckey",
      "provider": "provider[\"registry.terraform.io/hashicorp/aws\"]",
      "instances": [
        {
          "schema_version": 1,
          "attributes": {
            "arn": "arn:aws:ec2:us-east-1:330041397052:key-pair/myseckey",
            "fingerprint": "88:d5:51:24:3a:16:5f:4e:1c:8c:dc:73:1c:d2:8f:46",
            "id": "myseckey",
            "key_name": "myseckey",
            "key_name_prefix": "",
            "key_pair_id": "key-0abe1d4eb81873106",
            "key_type": "rsa",
            "public_key": "ssh-rsa AAAAB3NzaC1yc2EAAAADAQABAAABAQDF39YIiya5+7BN5nM8YAD3z2mLqAOJ31BiGooHzYWC5c2TwJyk9V6kpsAnLgp7gijGyIKRUfPSWh4WYjAVNR67ph3p76GAs2NvGOiXzydAkSV1JOropmqU4f0d8s0yXD2kj+GAp3Mk0KHw4jNHrXz54vK9bFb8iSaJoUQJWOj+LaoggvbN1/2IQi8ygSE7xl0qol0zzDMtx4tw072IAviaTRKahaNL6s/uYBefsdxdHn5GComTayQqSYayDWm2HtkC3va02uEPt0uatNt9BAAhtkW33ShFJO4TCnAsyxp3sBkHX+2k3ZqOKu0suIhC4Cw6iWRlnqu14QRXDn6iHM2v rajpol@Cygate-Rajpol",
            "tags": null,
            "tags_all": {}
          },
          "sensitive_attributes": [],
          "private": "eyJzY2hlbWFfdmVyc2lvbiI6IjEifQ=="
        }
      ]
    },
    {
      "mode": "managed",
      "type": "aws_route_table",
      "name": "public_routetable",
      "provider": "provider[\"registry.terraform.io/hashicorp/aws\"]",
      "instances": [
        {
          "schema_version": 0,
          "attributes": {
            "arn": "arn:aws:ec2:us-east-1:330041397052:route-table/rtb-058d2dfaa8b5ce128",
            "id": "rtb-058d2dfaa8b5ce128",
            "owner_id": "330041397052",
            "propagating_vgws": [],
            "route": [
              {
                "carrier_gateway_id": "",
                "cidr_block": "0.0.0.0/0",
                "core_network_arn": "",
                "destination_prefix_list_id": "",
                "egress_only_gateway_id": "",
                "gateway_id": "igw-0fad5a24b4bb6a2b0",
                "instance_id": "",
                "ipv6_cidr_block": "",
                "local_gateway_id": "",
                "nat_gateway_id": "",
                "network_interface_id": "",
                "transit_gateway_id": "",
                "vpc_endpoint_id": "",
                "vpc_peering_connection_id": ""
              }
            ],
            "tags": {
              "Name": "public_route_table_dev"
            },
            "tags_all": {
              "Name": "public_route_table_dev"
            },
            "timeouts": null,
            "vpc_id": "vpc-030773d7419978b10"
          },
          "sensitive_attributes": [],
          "private": "eyJlMmJmYjczMC1lY2FhLTExZTYtOGY4OC0zNDM2M2JjN2M0YzAiOnsiY3JlYXRlIjozMDAwMDAwMDAwMDAsImRlbGV0ZSI6MzAwMDAwMDAwMDAwLCJ1cGRhdGUiOjEyMDAwMDAwMDAwMH19",
          "dependencies": [
            "aws_internet_gateway.terraform-internet-gateway",
            "aws_vpc.terraform-vpc"
          ]
        }
      ]
    },
    {
      "mode": "managed",
      "type": "aws_route_table_association",
      "name": "terraform-public",
      "provider": "provider[\"registry.terraform.io/hashicorp/aws\"]",
      "instances": [
        {
          "schema_version": 0,
          "attributes": {
            "gateway_id": "",
            "id": "rtbassoc-0a95c9e07e88523a2",
            "route_table_id": "rtb-058d2dfaa8b5ce128",
            "subnet_id": "subnet-064a16c38e6f576d5"
          },
          "sensitive_attributes": [],
          "private": "bnVsbA==",
          "dependencies": [
            "aws_internet_gateway.terraform-internet-gateway",
            "aws_route_table.public_routetable",
            "aws_subnet.public_subnet1",
            "aws_vpc.terraform-vpc"
          ]
        }
      ]
    },
    {
      "mode": "managed",
      "type": "aws_security_group",
      "name": "public_security_group1",
      "provider": "provider[\"registry.terraform.io/hashicorp/aws\"]",
      "instances": [
        {
          "schema_version": 1,
          "attributes": {
            "arn": "arn:aws:ec2:us-east-1:330041397052:security-group/sg-00b6ed71cd0b7028a",
            "description": "Allow all inbound traffic",
            "egress": [
              {
                "cidr_blocks": [
                  "0.0.0.0/0"
                ],
                "description": "",
                "from_port": 0,
                "ipv6_cidr_blocks": [],
                "prefix_list_ids": [],
                "protocol": "-1",
                "security_groups": [],
                "self": false,
                "to_port": 0
              }
            ],
            "id": "sg-00b6ed71cd0b7028a",
            "ingress": [
              {
                "cidr_blocks": [
                  "0.0.0.0/0"
                ],
                "description": "",
                "from_port": 0,
                "ipv6_cidr_blocks": [],
                "prefix_list_ids": [],
                "protocol": "-1",
                "security_groups": [],
                "self": false,
                "to_port": 0
              }
            ],
            "name": "Public_security_group1_dev",
            "name_prefix": "",
            "owner_id": "330041397052",
            "revoke_rules_on_delete": false,
            "tags": null,
            "tags_all": {},
            "timeouts": null,
            "vpc_id": "vpc-030773d7419978b10"
          },
          "sensitive_attributes": [],
          "private": "eyJlMmJmYjczMC1lY2FhLTExZTYtOGY4OC0zNDM2M2JjN2M0YzAiOnsiY3JlYXRlIjo2MDAwMDAwMDAwMDAsImRlbGV0ZSI6OTAwMDAwMDAwMDAwfSwic2NoZW1hX3ZlcnNpb24iOiIxIn0=",
          "dependencies": [
            "aws_vpc.terraform-vpc"
          ]
        }
      ]
    },
    {
      "mode": "managed",
      "type": "aws_subnet",
      "name": "public_subnet1",
      "provider": "provider[\"registry.terraform.io/hashicorp/aws\"]",
      "instances": [
        {
          "schema_version": 1,
          "attributes": {
            "arn": "arn:aws:ec2:us-east-1:330041397052:subnet/subnet-064a16c38e6f576d5",
            "assign_ipv6_address_on_creation": false,
            "availability_zone": "us-east-1a",
            "availability_zone_id": "use1-az4",
            "cidr_block": "10.40.1.0/24",
            "customer_owned_ipv4_pool": "",
            "enable_dns64": false,
            "enable_resource_name_dns_a_record_on_launch": false,
            "enable_resource_name_dns_aaaa_record_on_launch": false,
            "id": "subnet-064a16c38e6f576d5",
            "ipv6_cidr_block": "",
            "ipv6_cidr_block_association_id": "",
            "ipv6_native": false,
            "map_customer_owned_ip_on_launch": false,
            "map_public_ip_on_launch": false,
            "outpost_arn": "",
            "owner_id": "330041397052",
            "private_dns_hostname_type_on_launch": "ip-name",
            "tags": {
              "Name": "Terraform_public_subnet1_dev"
            },
            "tags_all": {
              "Name": "Terraform_public_subnet1_dev"
            },
            "timeouts": null,
            "vpc_id": "vpc-030773d7419978b10"
          },
          "sensitive_attributes": [],
          "private": "eyJlMmJmYjczMC1lY2FhLTExZTYtOGY4OC0zNDM2M2JjN2M0YzAiOnsiY3JlYXRlIjo2MDAwMDAwMDAwMDAsImRlbGV0ZSI6MTIwMDAwMDAwMDAwMH0sInNjaGVtYV92ZXJzaW9uIjoiMSJ9",
          "dependencies": [
            "aws_vpc.terraform-vpc"
          ]
        }
      ]
    },
    {
      "mode": "managed",
      "type": "aws_subnet",
      "name": "public_subnet2",
      "provider": "provider[\"registry.terraform.io/hashicorp/aws\"]",
      "instances": [
        {
          "schema_version": 1,
          "attributes": {
            "arn": "arn:aws:ec2:us-east-1:330041397052:subnet/subnet-0ceecdb202e894a77",
            "assign_ipv6_address_on_creation": false,
            "availability_zone": "us-east-1b",
            "availability_zone_id": "use1-az6",
            "cidr_block": "10.40.2.0/24",
            "customer_owned_ipv4_pool": "",
            "enable_dns64": false,
            "enable_resource_name_dns_a_record_on_launch": false,
            "enable_resource_name_dns_aaaa_record_on_launch": false,
            "id": "subnet-0ceecdb202e894a77",
            "ipv6_cidr_block": "",
            "ipv6_cidr_block_association_id": "",
            "ipv6_native": false,
            "map_customer_owned_ip_on_launch": false,
            "map_public_ip_on_launch": false,
            "outpost_arn": "",
            "owner_id": "330041397052",
            "private_dns_hostname_type_on_launch": "ip-name",
            "tags": {
              "Name": "Terraform_public_subnet2_dev"
            },
            "tags_all": {
              "Name": "Terraform_public_subnet2_dev"
            },
            "timeouts": null,
            "vpc_id": "vpc-030773d7419978b10"
          },
          "sensitive_attributes": [],
          "private": "eyJlMmJmYjczMC1lY2FhLTExZTYtOGY4OC0zNDM2M2JjN2M0YzAiOnsiY3JlYXRlIjo2MDAwMDAwMDAwMDAsImRlbGV0ZSI6MTIwMDAwMDAwMDAwMH0sInNjaGVtYV92ZXJzaW9uIjoiMSJ9",
          "dependencies": [
            "aws_vpc.terraform-vpc"
          ]
        }
      ]
    },
    {
      "mode": "managed",
      "type": "aws_vpc",
      "name": "terraform-vpc",
      "provider": "provider[\"registry.terraform.io/hashicorp/aws\"]",
      "instances": [
        {
          "schema_version": 1,
          "attributes": {
            "arn": "arn:aws:ec2:us-east-1:330041397052:vpc/vpc-030773d7419978b10",
            "assign_generated_ipv6_cidr_block": false,
            "cidr_block": "10.40.0.0/16",
            "default_network_acl_id": "acl-03dffab8c93f25463",
            "default_route_table_id": "rtb-06b5b0f4d2789aa3b",
            "default_security_group_id": "sg-004fa7dcc10334f57",
            "dhcp_options_id": "dopt-0458738bd143b5504",
            "enable_classiclink": false,
            "enable_classiclink_dns_support": false,
            "enable_dns_hostnames": true,
            "enable_dns_support": true,
            "enable_network_address_usage_metrics": false,
            "id": "vpc-030773d7419978b10",
            "instance_tenancy": "default",
            "ipv4_ipam_pool_id": null,
            "ipv4_netmask_length": null,
            "ipv6_association_id": "",
            "ipv6_cidr_block": "",
            "ipv6_cidr_block_network_border_group": "",
            "ipv6_ipam_pool_id": "",
            "ipv6_netmask_length": 0,
            "main_route_table_id": "rtb-06b5b0f4d2789aa3b",
            "owner_id": "330041397052",
            "tags": {
              "Name": "terraform-aws",
              "Owner": "Rajasekhar Polavarapu"
            },
            "tags_all": {
              "Name": "terraform-aws",
              "Owner": "Rajasekhar Polavarapu"
            }
          },
          "sensitive_attributes": [],
          "private": "eyJzY2hlbWFfdmVyc2lvbiI6IjEifQ=="
        }
      ]
    }
  ],
  "check_results": []
}
